
Microsoft Visual Studio Solution File, Format Version 12.00
# Visual Studio Version 17
VisualStudioVersion = 17.8.34525.116
MinimumVisualStudioVersion = 10.0.40219.1
Project("{FAE04EC0-301F-11D3-BF4B-00C04F79EFBC}") = "Swagriham", "Swagriham.csproj", "{BED8AEB1-DEA3-4D13-8992-F61974672E86}"
EndProject
Global
	GlobalSection(SolutionConfigurationPlatforms) = preSolution
		Debug|Any CPU = Debug|Any CPU
		Release|Any CPU = Release|Any CPU
	EndGlobalSection
	GlobalSection(ProjectConfigurationPlatforms) = postSolution
		{BED8AEB1-DEA3-4D13-8992-F61974672E86}.Debug|Any CPU.ActiveCfg = Debug|Any CPU
		{BED8AEB1-DEA3-4D13-8992-F61974672E86}.Debug|Any CPU.Build.0 = Debug|Any CPU
		{BED8AEB1-DEA3-4D13-8992-F61974672E86}.Release|Any CPU.ActiveCfg = Release|Any CPU
		{BED8AEB1-DEA3-4D13-8992-F61974672E86}.Release|Any CPU.Build.0 = Release|Any CPU
	EndGlobalSection
	GlobalSection(SolutionProperties) = preSolution
		HideSolutionNode = FALSE
	EndGlobalSection
	GlobalSection(ExtensibilityGlobals) = postSolution
		SolutionGuid = {1390C181-1355-4B5B-B213-E0F6C864E6EB}
	EndGlobalSection
EndGlobal
